
Microsoft Visual Studio Solution File, Format Version 12.00
# Visual Studio 15
VisualStudioVersion = 15.0.28307.271
MinimumVisualStudioVersion = 10.0.40219.1
Project("{888888A0-9F3D-457C-B088-3A5042F75D52}") = "MontecarloTheory", "MontecarloTheory\MontecarloTheory.pyproj", "{613E9729-AB61-4E49-8C9E-677FB7D1ED7E}"
EndProject
Global
	GlobalSection(SolutionConfigurationPlatforms) = preSolution
		Debug|Any CPU = Debug|Any CPU
		Release|Any CPU = Release|Any CPU
	EndGlobalSection
	GlobalSection(ProjectConfigurationPlatforms) = postSolution
		{613E9729-AB61-4E49-8C9E-677FB7D1ED7E}.Debug|Any CPU.ActiveCfg = Debug|Any CPU
		{613E9729-AB61-4E49-8C9E-677FB7D1ED7E}.Release|Any CPU.ActiveCfg = Release|Any CPU
	EndGlobalSection
	GlobalSection(SolutionProperties) = preSolution
		HideSolutionNode = FALSE
	EndGlobalSection
	GlobalSection(ExtensibilityGlobals) = postSolution
		SolutionGuid = {0AD230C6-53AB-43A5-AD76-633381EDBEA6}
	EndGlobalSection
EndGlobal
